
Microsoft Visual Studio Solution File, Format Version 12.00
# Visual Studio Version 16
VisualStudioVersion = 16.0.29009.5
MinimumVisualStudioVersion = 10.0.40219.1
Project("{9A19103F-16F7-4668-BE54-9A1E7A4F7556}") = "MovieWebApp", "MovieWebApp\MovieWebApp.csproj", "{01DDA23D-430D-4C73-8F9B-F4BE003C8650}"
EndProject
Project("{FAE04EC0-301F-11D3-BF4B-00C04F79EFBC}") = "MovieApiTest", "MovieApiTest\MovieApiTest.csproj", "{FF23BE12-20BB-41B0-BB95-E89F40427037}"
EndProject
Global
	GlobalSection(SolutionConfigurationPlatforms) = preSolution
		Debug|Any CPU = Debug|Any CPU
		Release|Any CPU = Release|Any CPU
	EndGlobalSection
	GlobalSection(ProjectConfigurationPlatforms) = postSolution
		{01DDA23D-430D-4C73-8F9B-F4BE003C8650}.Debug|Any CPU.ActiveCfg = Debug|Any CPU
		{01DDA23D-430D-4C73-8F9B-F4BE003C8650}.Debug|Any CPU.Build.0 = Debug|Any CPU
		{01DDA23D-430D-4C73-8F9B-F4BE003C8650}.Release|Any CPU.ActiveCfg = Release|Any CPU
		{01DDA23D-430D-4C73-8F9B-F4BE003C8650}.Release|Any CPU.Build.0 = Release|Any CPU
		{FF23BE12-20BB-41B0-BB95-E89F40427037}.Debug|Any CPU.ActiveCfg = Debug|Any CPU
		{FF23BE12-20BB-41B0-BB95-E89F40427037}.Debug|Any CPU.Build.0 = Debug|Any CPU
		{FF23BE12-20BB-41B0-BB95-E89F40427037}.Release|Any CPU.ActiveCfg = Release|Any CPU
		{FF23BE12-20BB-41B0-BB95-E89F40427037}.Release|Any CPU.Build.0 = Release|Any CPU
	EndGlobalSection
	GlobalSection(SolutionProperties) = preSolution
		HideSolutionNode = FALSE
	EndGlobalSection
	GlobalSection(ExtensibilityGlobals) = postSolution
		SolutionGuid = {9AA8CE25-AE28-48E7-B907-344F77728965}
	EndGlobalSection
EndGlobal
